// !$*UTF8*$!
{
	archiveVersion = 1;
	classes = {
	};
	objectVersion = 46;
	objects = {

/* Begin PBXBuildFile section */
		3B5E351A1DAF19EA00125E45 /* main.m in Sources */ = {isa = PBXBuildFile; fileRef = 3B5E35191DAF19EA00125E45 /* main.m */; };
		3B5E351D1DAF19EA00125E45 /* AppDelegate.m in Sources */ = {isa = PBXBuildFile; fileRef = 3B5E351C1DAF19EA00125E45 /* AppDelegate.m */; };
		3B5E35201DAF19EA00125E45 /* ViewController.m in Sources */ = {isa = PBXBuildFile; fileRef = 3B5E351F1DAF19EA00125E45 /* ViewController.m */; };
		3B5E35231DAF19EA00125E45 /* Main.storyboard in Resources */ = {isa = PBXBuildFile; fileRef = 3B5E35211DAF19EA00125E45 /* Main.storyboard */; };
		3B5E35251DAF19EA00125E45 /* Assets.xcassets in Resources */ = {isa = PBXBuildFile; fileRef = 3B5E35241DAF19EA00125E45 /* Assets.xcassets */; };
		3B5E35281DAF19EA00125E45 /* LaunchScreen.storyboard in Resources */ = {isa = PBXBuildFile; fileRef = 3B5E35261DAF19EA00125E45 /* LaunchScreen.storyboard */; };
		3B5E35331DAF19EA00125E45 /* __Tests.m in Sources */ = {isa = PBXBuildFile; fileRef = 3B5E35321DAF19EA00125E45 /* __Tests.m */; };
		3B5E353E1DAF19EA00125E45 /* __UITests.m in Sources */ = {isa = PBXBuildFile; fileRef = 3B5E353D1DAF19EA00125E45 /* __UITests.m */; };
		3B5E354D1DAF1A1300125E45 /* Group.m in Sources */ = {isa = PBXBuildFile; fileRef = 3B5E354C1DAF1A1300125E45 /* Group.m */; };
		3B5E35501DAF1B6000125E45 /* groupModel.m in Sources */ = {isa = PBXBuildFile; fileRef = 3B5E354F1DAF1B6000125E45 /* groupModel.m */; };
/* End PBXBuildFile section */

/* Begin PBXContainerItemProxy section */
		3B5E352F1DAF19EA00125E45 /* PBXContainerItemProxy */ = {
			isa = PBXContainerItemProxy;
			containerPortal = 3B5E350D1DAF19EA00125E45 /* Project object */;
			proxyType = 1;
			remoteGlobalIDString = 3B5E35141DAF19EA00125E45;
			remoteInfo = "折叠";
		};
		3B5E353A1DAF19EA00125E45 /* PBXContainerItemProxy */ = {
			isa = PBXContainerItemProxy;
			containerPortal = 3B5E350D1DAF19EA00125E45 /* Project object */;
			proxyType = 1;
			remoteGlobalIDString = 3B5E35141DAF19EA00125E45;
			remoteInfo = "折叠";
		};
/* End PBXContainerItemProxy section */

/* Begin PBXFileReference section */
		3B5E35151DAF19EA00125E45 /* 折叠.app */ = {isa = PBXFileReference; explicitFileType = wrapper.application; includeInIndex = 0; path = "折叠.app"; sourceTree = BUILT_PRODUCTS_DIR; };
		3B5E35191DAF19EA00125E45 /* main.m */ = {isa = PBXFileReference; lastKnownFileType = sourcecode.c.objc; path = main.m; sourceTree = "<group>"; };
		3B5E351B1DAF19EA00125E45 /* AppDelegate.h */ = {isa = PBXFileReference; lastKnownFileType = sourcecode.c.h; path = AppDelegate.h; sourceTree = "<group>"; };
		3B5E351C1DAF19EA00125E45 /* AppDelegate.m */ = {isa = PBXFileReference; lastKnownFileType = sourcecode.c.objc; path = AppDelegate.m; sourceTree = "<group>"; };
		3B5E351E1DAF19EA00125E45 /* ViewController.h */ = {isa = PBXFileReference; lastKnownFileType = sourcecode.c.h; path = ViewController.h; sourceTree = "<group>"; };
		3B5E351F1DAF19EA00125E45 /* ViewController.m */ = {isa = PBXFileReference; lastKnownFileType = sourcecode.c.objc; path = ViewController.m; sourceTree = "<group>"; };
		3B5E35221DAF19EA00125E45 /* Base */ = {isa = PBXFileReference; lastKnownFileType = file.storyboard; name = Base; path = Base.lproj/Main.storyboard; sourceTree = "<group>"; };
		3B5E35241DAF19EA00125E45 /* Assets.xcassets */ = {isa = PBXFileReference; lastKnownFileType = folder.assetcatalog; path = Assets.xcassets; sourceTree = "<group>"; };
		3B5E35271DAF19EA00125E45 /* Base */ = {isa = PBXFileReference; lastKnownFileType = file.storyboard; name = Base; path = Base.lproj/LaunchScreen.storyboard; sourceTree = "<group>"; };
		3B5E35291DAF19EA00125E45 /* Info.plist */ = {isa = PBXFileReference; lastKnownFileType = text.plist.xml; path = Info.plist; sourceTree = "<group>"; };
		3B5E352E1DAF19EA00125E45 /* 折叠Tests.xctest */ = {isa = PBXFileReference; explicitFileType = wrapper.cfbundle; includeInIndex = 0; path = "折叠Tests.xctest"; sourceTree = BUILT_PRODUCTS_DIR; };
		3B5E35321DAF19EA00125E45 /* __Tests.m */ = {isa = PBXFileReference; lastKnownFileType = sourcecode.c.objc; path = __Tests.m; sourceTree = "<group>"; };
		3B5E35341DAF19EA00125E45 /* Info.plist */ = {isa = PBXFileReference; lastKnownFileType = text.plist.xml; path = Info.plist; sourceTree = "<group>"; };
		3B5E35391DAF19EA00125E45 /* 折叠UITests.xctest */ = {isa = PBXFileReference; explicitFileType = wrapper.cfbundle; includeInIndex = 0; path = "折叠UITests.xctest"; sourceTree = BUILT_PRODUCTS_DIR; };
		3B5E353D1DAF19EA00125E45 /* __UITests.m */ = {isa = PBXFileReference; lastKnownFileType = sourcecode.c.objc; path = __UITests.m; sourceTree = "<group>"; };
		3B5E353F1DAF19EA00125E45 /* Info.plist */ = {isa = PBXFileReference; lastKnownFileType = text.plist.xml; path = Info.plist; sourceTree = "<group>"; };
		3B5E354B1DAF1A1300125E45 /* Group.h */ = {isa = PBXFileReference; fileEncoding = 4; lastKnownFileType = sourcecode.c.h; path = Group.h; sourceTree = "<group>"; };
		3B5E354C1DAF1A1300125E45 /* Group.m */ = {isa = PBXFileReference; fileEncoding = 4; lastKnownFileType = sourcecode.c.objc; path = Group.m; sourceTree = "<group>"; };
		3B5E354E1DAF1B6000125E45 /* groupModel.h */ = {isa = PBXFileReference; fileEncoding = 4; lastKnownFileType = sourcecode.c.h; path = groupModel.h; sourceTree = "<group>"; };
		3B5E354F1DAF1B6000125E45 /* groupModel.m */ = {isa = PBXFileReference; fileEncoding = 4; lastKnownFileType = sourcecode.c.objc; path = groupModel.m; sourceTree = "<group>"; };
/* End PBXFileReference section */

/* Begin PBXFrameworksBuildPhase section */
		3B5E35121DAF19EA00125E45 /* Frameworks */ = {
			isa = PBXFrameworksBuildPhase;
			buildActionMask = 2147483647;
			files = (
			);
			runOnlyForDeploymentPostprocessing = 0;
		};
		3B5E352B1DAF19EA00125E45 /* Frameworks */ = {
			isa = PBXFrameworksBuildPhase;
			buildActionMask = 2147483647;
			files = (
			);
			runOnlyForDeploymentPostprocessing = 0;
		};
		3B5E35361DAF19EA00125E45 /* Frameworks */ = {
			isa = PBXFrameworksBuildPhase;
			buildActionMask = 2147483647;
			files = (
			);
			runOnlyForDeploymentPostprocessing = 0;
		};
/* End PBXFrameworksBuildPhase section */

/* Begin PBXGroup section */
		3B5E350C1DAF19EA00125E45 = {
			isa = PBXGroup;
			children = (
				3B5E35171DAF19EA00125E45 /* 折叠 */,
				3B5E35311DAF19EA00125E45 /* 折叠Tests */,
				3B5E353C1DAF19EA00125E45 /* 折叠UITests */,
				3B5E35161DAF19EA00125E45 /* Products */,
			);
			sourceTree = "<group>";
		};
		3B5E35161DAF19EA00125E45 /* Products */ = {
			isa = PBXGroup;
			children = (
				3B5E35151DAF19EA00125E45 /* 折叠.app */,
				3B5E352E1DAF19EA00125E45 /* 折叠Tests.xctest */,
				3B5E35391DAF19EA00125E45 /* 折叠UITests.xctest */,
			);
			name = Products;
			sourceTree = "<group>";
		};
		3B5E35171DAF19EA00125E45 /* 折叠 */ = {
			isa = PBXGroup;
			children = (
				3B5E354B1DAF1A1300125E45 /* Group.h */,
				3B5E354C1DAF1A1300125E45 /* Group.m */,
				3B5E351B1DAF19EA00125E45 /* AppDelegate.h */,
				3B5E351C1DAF19EA00125E45 /* AppDelegate.m */,
				3B5E351E1DAF19EA00125E45 /* ViewController.h */,
				3B5E351F1DAF19EA00125E45 /* ViewController.m */,
				3B5E35211DAF19EA00125E45 /* Main.storyboard */,
				3B5E35241DAF19EA00125E45 /* Assets.xcassets */,
				3B5E35261DAF19EA00125E45 /* LaunchScreen.storyboard */,
				3B5E35291DAF19EA00125E45 /* Info.plist */,
				3B5E35181DAF19EA00125E45 /* Supporting Files */,
				3B5E354E1DAF1B6000125E45 /* groupModel.h */,
				3B5E354F1DAF1B6000125E45 /* groupModel.m */,
			);
			path = "折叠";
			sourceTree = "<group>";
		};
		3B5E35181DAF19EA00125E45 /* Supporting Files */ = {
			isa = PBXGroup;
			children = (
				3B5E35191DAF19EA00125E45 /* main.m */,
			);
			name = "Supporting Files";
			sourceTree = "<group>";
		};
		3B5E35311DAF19EA00125E45 /* 折叠Tests */ = {
			isa = PBXGroup;
			children = (
				3B5E35321DAF19EA00125E45 /* __Tests.m */,
				3B5E35341DAF19EA00125E45 /* Info.plist */,
			);
			path = "折叠Tests";
			sourceTree = "<group>";
		};
		3B5E353C1DAF19EA00125E45 /* 折叠UITests */ = {
			isa = PBXGroup;
			children = (
				3B5E353D1DAF19EA00125E45 /* __UITests.m */,
				3B5E353F1DAF19EA00125E45 /* Info.plist */,
			);
			path = "折叠UITests";
			sourceTree = "<group>";
		};
/* End PBXGroup section */

/* Begin PBXNativeTarget section */
		3B5E35141DAF19EA00125E45 /* 折叠 */ = {
			isa = PBXNativeTarget;
			buildConfigurationList = 3B5E35421DAF19EA00125E45 /* Build configuration list for PBXNativeTarget "折叠" */;
			buildPhases = (
				3B5E35111DAF19EA00125E45 /* Sources */,
				3B5E35121DAF19EA00125E45 /* Frameworks */,
				3B5E35131DAF19EA00125E45 /* Resources */,
			);
			buildRules = (
			);
			dependencies = (
			);
			name = "折叠";
			productName = "折叠";
			productReference = 3B5E35151DAF19EA00125E45 /* 折叠.app */;
			productType = "com.apple.product-type.application";
		};
		3B5E352D1DAF19EA00125E45 /* 折叠Tests */ = {
			isa = PBXNativeTarget;
			buildConfigurationList = 3B5E35451DAF19EA00125E45 /* Build configuration list for PBXNativeTarget "折叠Tests" */;
			buildPhases = (
				3B5E352A1DAF19EA00125E45 /* Sources */,
				3B5E352B1DAF19EA00125E45 /* Frameworks */,
				3B5E352C1DAF19EA00125E45 /* Resources */,
			);
			buildRules = (
			);
			dependencies = (
				3B5E35301DAF19EA00125E45 /* PBXTargetDependency */,
			);
			name = "折叠Tests";
			productName = "折叠Tests";
			productReference = 3B5E352E1DAF19EA00125E45 /* 折叠Tests.xctest */;
			productType = "com.apple.product-type.bundle.unit-test";
		};
		3B5E35381DAF19EA00125E45 /* 折叠UITests */ = {
			isa = PBXNativeTarget;
			buildConfigurationList = 3B5E35481DAF19EA00125E45 /* Build configuration list for PBXNativeTarget "折叠UITests" */;
			buildPhases = (
				3B5E35351DAF19EA00125E45 /* Sources */,
				3B5E35361DAF19EA00125E45 /* Frameworks */,
				3B5E35371DAF19EA00125E45 /* Resources */,
			);
			buildRules = (
			);
			dependencies = (
				3B5E353B1DAF19EA00125E45 /* PBXTargetDependency */,
			);
			name = "折叠UITests";
			productName = "折叠UITests";
			productReference = 3B5E35391DAF19EA00125E45 /* 折叠UITests.xctest */;
			productType = "com.apple.product-type.bundle.ui-testing";
		};
/* End PBXNativeTarget section */

/* Begin PBXProject section */
		3B5E350D1DAF19EA00125E45 /* Project object */ = {
			isa = PBXProject;
			attributes = {
				LastUpgradeCheck = 0800;
				ORGANIZATIONNAME = zr;
				TargetAttributes = {
					3B5E35141DAF19EA00125E45 = {
						CreatedOnToolsVersion = 8.0;
						DevelopmentTeam = HDLEBUZH4B;
						ProvisioningStyle = Automatic;
					};
					3B5E352D1DAF19EA00125E45 = {
						CreatedOnToolsVersion = 8.0;
						ProvisioningStyle = Automatic;
						TestTargetID = 3B5E35141DAF19EA00125E45;
					};
					3B5E35381DAF19EA00125E45 = {
						CreatedOnToolsVersion = 8.0;
						ProvisioningStyle = Automatic;
						TestTargetID = 3B5E35141DAF19EA00125E45;
					};
				};
			};
			buildConfigurationList = 3B5E35101DAF19EA00125E45 /* Build configuration list for PBXProject "折叠" */;
			compatibilityVersion = "Xcode 3.2";
			developmentRegion = English;
			hasScannedForEncodings = 0;
			knownRegions = (
				en,
				Base,
			);
			mainGroup = 3B5E350C1DAF19EA00125E45;
			productRefGroup = 3B5E35161DAF19EA00125E45 /* Products */;
			projectDirPath = "";
			projectRoot = "";
			targets = (
				3B5E35141DAF19EA00125E45 /* 折叠 */,
				3B5E352D1DAF19EA00125E45 /* 折叠Tests */,
				3B5E35381DAF19EA00125E45 /* 折叠UITests */,
			);
		};
/* End PBXProject section */

/* Begin PBXResourcesBuildPhase section */
		3B5E35131DAF19EA00125E45 /* Resources */ = {
			isa = PBXResourcesBuildPhase;
			buildActionMask = 2147483647;
			files = (
				3B5E35281DAF19EA00125E45 /* LaunchScreen.storyboard in Resources */,
				3B5E35251DAF19EA00125E45 /* Assets.xcassets in Resources */,
				3B5E35231DAF19EA00125E45 /* Main.storyboard in Resources */,
			);
			runOnlyForDeploymentPostprocessing = 0;
		};
		3B5E352C1DAF19EA00125E45 /* Resources */ = {
			isa = PBXResourcesBuildPhase;
			buildActionMask = 2147483647;
			files = (
			);
			runOnlyForDeploymentPostprocessing = 0;
		};
		3B5E35371DAF19EA00125E45 /* Resources */ = {
			isa = PBXResourcesBuildPhase;
			buildActionMask = 2147483647;
			files = (
			);
			runOnlyForDeploymentPostprocessing = 0;
		};
/* End PBXResourcesBuildPhase section */

/* Begin PBXSourcesBuildPhase section */
		3B5E35111DAF19EA00125E45 /* Sources */ = {
			isa = PBXSourcesBuildPhase;
			buildActionMask = 2147483647;
			files = (
				3B5E35201DAF19EA00125E45 /* ViewController.m in Sources */,
				3B5E351D1DAF19EA00125E45 /* AppDelegate.m in Sources */,
				3B5E35501DAF1B6000125E45 /* groupModel.m in Sources */,
				3B5E351A1DAF19EA00125E45 /* main.m in Sources */,
				3B5E354D1DAF1A1300125E45 /* Group.m in Sources */,
			);
			runOnlyForDeploymentPostprocessing = 0;
		};
		3B5E352A1DAF19EA00125E45 /* Sources */ = {
			isa = PBXSourcesBuildPhase;
			buildActionMask = 2147483647;
			files = (
				3B5E35331DAF19EA00125E45 /* __Tests.m in Sources */,
			);
			runOnlyForDeploymentPostprocessing = 0;
		};
		3B5E35351DAF19EA00125E45 /* Sources */ = {
			isa = PBXSourcesBuildPhase;
			buildActionMask = 2147483647;
			files = (
				3B5E353E1DAF19EA00125E45 /* __UITests.m in Sources */,
			);
			runOnlyForDeploymentPostprocessing = 0;
		};
/* End PBXSourcesBuildPhase section */

/* Begin PBXTargetDependency section */
		3B5E35301DAF19EA00125E45 /* PBXTargetDependency */ = {
			isa = PBXTargetDependency;
			target = 3B5E35141DAF19EA00125E45 /* 折叠 */;
			targetProxy = 3B5E352F1DAF19EA00125E45 /* PBXContainerItemProxy */;
		};
		3B5E353B1DAF19EA00125E45 /* PBXTargetDependency */ = {
			isa = PBXTargetDependency;
			target = 3B5E35141DAF19EA00125E45 /* 折叠 */;
			targetProxy = 3B5E353A1DAF19EA00125E45 /* PBXContainerItemProxy */;
		};
/* End PBXTargetDependency section */

/* Begin PBXVariantGroup section */
		3B5E35211DAF19EA00125E45 /* Main.storyboard */ = {
			isa = PBXVariantGroup;
			children = (
				3B5E35221DAF19EA00125E45 /* Base */,
			);
			name = Main.storyboard;
			sourceTree = "<group>";
		};
		3B5E35261DAF19EA00125E45 /* LaunchScreen.storyboard */ = {
			isa = PBXVariantGroup;
			children = (
				3B5E35271DAF19EA00125E45 /* Base */,
			);
			name = LaunchScreen.storyboard;
			sourceTree = "<group>";
		};
/* End PBXVariantGroup section */

/* Begin XCBuildConfiguration section */
		3B5E35401DAF19EA00125E45 /* Debug */ = {
			isa = XCBuildConfiguration;
			buildSettings = {
				ALWAYS_SEARCH_USER_PATHS = NO;
				CLANG_ANALYZER_NONNULL = YES;
				CLANG_CXX_LANGUAGE_STANDARD = "gnu++0x";
				CLANG_CXX_LIBRARY = "libc++";
				CLANG_ENABLE_MODULES = YES;
				CLANG_ENABLE_OBJC_ARC = YES;
				CLANG_WARN_BOOL_CONVERSION = YES;
				CLANG_WARN_CONSTANT_CONVERSION = YES;
				CLANG_WARN_DIRECT_OBJC_ISA_USAGE = YES_ERROR;
				CLANG_WARN_DOCUMENTATION_COMMENTS = YES;
				CLANG_WARN_EMPTY_BODY = YES;
				CLANG_WARN_ENUM_CONVERSION = YES;
				CLANG_WARN_INFINITE_RECURSION = YES;
				CLANG_WARN_INT_CONVERSION = YES;
				CLANG_WARN_OBJC_ROOT_CLASS = YES_ERROR;
				CLANG_WARN_SUSPICIOUS_MOVES = YES;
				CLANG_WARN_UNREACHABLE_CODE = YES;
				CLANG_WARN__DUPLICATE_METHOD_MATCH = YES;
				"CODE_SIGN_IDENTITY[sdk=iphoneos*]" = "iPhone Developer";
				COPY_PHASE_STRIP = NO;
				DEBUG_INFORMATION_FORMAT = dwarf;
				ENABLE_STRICT_OBJC_MSGSEND = YES;
				ENABLE_TESTABILITY = YES;
				GCC_C_LANGUAGE_STANDARD = gnu99;
				GCC_DYNAMIC_NO_PIC = NO;
				GCC_NO_COMMON_BLOCKS = YES;
				GCC_OPTIMIZATION_LEVEL = 0;
				GCC_PREPROCESSOR_DEFINITIONS = (
					"DEBUG=1",
					"$(inherited)",
				);
				GCC_WARN_64_TO_32_BIT_CONVERSION = YES;
				GCC_WARN_ABOUT_RETURN_TYPE = YES_ERROR;
				GCC_WARN_UNDECLARED_SELECTOR = YES;
				GCC_WARN_UNINITIALIZED_AUTOS = YES_AGGRESSIVE;
				GCC_WARN_UNUSED_FUNCTION = YES;
				GCC_WARN_UNUSED_VARIABLE = YES;
				IPHONEOS_DEPLOYMENT_TARGET = 8.4;
				MTL_ENABLE_DEBUG_INFO = YES;
				ONLY_ACTIVE_ARCH = YES;
				SDKROOT = iphoneos;
				TARGETED_DEVICE_FAMILY = "1,2";
			};
			name = Debug;
		};
		3B5E35411DAF19EA00125E45 /* Release */ = {
			isa = XCBuildConfiguration;
			buildSettings = {
				ALWAYS_SEARCH_USER_PATHS = NO;
				CLANG_ANALYZER_NONNULL = YES;
				CLANG_CXX_LANGUAGE_STANDARD = "gnu++0x";
				CLANG_CXX_LIBRARY = "libc++";
				CLANG_ENABLE_MODULES = YES;
				CLANG_ENABLE_OBJC_ARC = YES;
				CLANG_WARN_BOOL_CONVERSION = YES;
				CLANG_WARN_CONSTANT_CONVERSION = YES;
				CLANG_WARN_DIRECT_OBJC_ISA_USAGE = YES_ERROR;
				CLANG_WARN_DOCUMENTATION_COMMENTS = YES;
				CLANG_WARN_EMPTY_BODY = YES;
				CLANG_WARN_ENUM_CONVERSION = YES;
				CLANG_WARN_INFINITE_RECURSION = YES;
				CLANG_WARN_INT_CONVERSION = YES;
				CLANG_WARN_OBJC_ROOT_CLASS = YES_ERROR;
				CLANG_WARN_SUSPICIOUS_MOVES = YES;
				CLANG_WARN_UNREACHABLE_CODE = YES;
				CLANG_WARN__DUPLICATE_METHOD_MATCH = YES;
				"CODE_SIGN_IDENTITY[sdk=iphoneos*]" = "iPhone Developer";
				COPY_PHASE_STRIP = NO;
				DEBUG_INFORMATION_FORMAT = "dwarf-with-dsym";
				ENABLE_NS_ASSERTIONS = NO;
				ENABLE_STRICT_OBJC_MSGSEND = YES;
				GCC_C_LANGUAGE_STANDARD = gnu99;
				GCC_NO_COMMON_BLOCKS = YES;
				GCC_WARN_64_TO_32_BIT_CONVERSION = YES;
				GCC_WARN_ABOUT_RETURN_TYPE = YES_ERROR;
				GCC_WARN_UNDECLARED_SELECTOR = YES;
				GCC_WARN_UNINITIALIZED_AUTOS = YES_AGGRESSIVE;
				GCC_WARN_UNUSED_FUNCTION = YES;
				GCC_WARN_UNUSED_VARIABLE = YES;
				IPHONEOS_DEPLOYMENT_TARGET = 8.4;
				MTL_ENABLE_DEBUG_INFO = NO;
				SDKROOT = iphoneos;
				TARGETED_DEVICE_FAMILY = "1,2";
				VALIDATE_PRODUCT = YES;
			};
			name = Release;
		};
		3B5E35431DAF19EA00125E45 /* Debug */ = {
			isa = XCBuildConfiguration;
			buildSettings = {
				ASSETCATALOG_COMPILER_APPICON_NAME = AppIcon;
				DEVELOPMENT_TEAM = HDLEBUZH4B;
				INFOPLIST_FILE = "折叠/Info.plist";
				IPHONEOS_DEPLOYMENT_TARGET = 8.4;
				LD_RUNPATH_SEARCH_PATHS = "$(inherited) @executable_path/Frameworks";
				PRODUCT_BUNDLE_IDENTIFIER = "zr.--";
				PRODUCT_NAME = "$(TARGET_NAME)";
			};
			name = Debug;
		};
		3B5E35441DAF19EA00125E45 /* Release */ = {
			isa = XCBuildConfiguration;
			buildSettings = {
				ASSETCATALOG_COMPILER_APPICON_NAME = AppIcon;
				DEVELOPMENT_TEAM = HDLEBUZH4B;
				INFOPLIST_FILE = "折叠/Info.plist";
				IPHONEOS_DEPLOYMENT_TARGET = 8.4;
				LD_RUNPATH_SEARCH_PATHS = "$(inherited) @executable_path/Frameworks";
				PRODUCT_BUNDLE_IDENTIFIER = "zr.--";
				PRODUCT_NAME = "$(TARGET_NAME)";
			};
			name = Release;
		};
		3B5E35461DAF19EA00125E45 /* Debug */ = {
			isa = XCBuildConfiguration;
			buildSettings = {
				BUNDLE_LOADER = "$(TEST_HOST)";
				INFOPLIST_FILE = "折叠Tests/Info.plist";
				LD_RUNPATH_SEARCH_PATHS = "$(inherited) @executable_path/Frameworks @loader_path/Frameworks";
				PRODUCT_BUNDLE_IDENTIFIER = "zr.--Tests";
				PRODUCT_NAME = "$(TARGET_NAME)";
				TEST_HOST = "$(BUILT_PRODUCTS_DIR)/折叠.app/折叠";
			};
			name = Debug;
		};
		3B5E35471DAF19EA00125E45 /* Release */ = {
			isa = XCBuildConfiguration;
			buildSettings = {
				BUNDLE_LOADER = "$(TEST_HOST)";
				INFOPLIST_FILE = "折叠Tests/Info.plist";
				LD_RUNPATH_SEARCH_PATHS = "$(inherited) @executable_path/Frameworks @loader_path/Frameworks";
				PRODUCT_BUNDLE_IDENTIFIER = "zr.--Tests";
				PRODUCT_NAME = "$(TARGET_NAME)";
				TEST_HOST = "$(BUILT_PRODUCTS_DIR)/折叠.app/折叠";
			};
			name = Release;
		};
		3B5E35491DAF19EA00125E45 /* Debug */ = {
			isa = XCBuildConfiguration;
			buildSettings = {
				INFOPLIST_FILE = "折叠UITests/Info.plist";
				LD_RUNPATH_SEARCH_PATHS = "$(inherited) @executable_path/Frameworks @loader_path/Frameworks";
				PRODUCT_BUNDLE_IDENTIFIER = "zr.--UITests";
				PRODUCT_NAME = "$(TARGET_NAME)";
				TEST_TARGET_NAME = "折叠";
			};
			name = Debug;
		};
		3B5E354A1DAF19EA00125E45 /* Release */ = {
			isa = XCBuildConfiguration;
			buildSettings = {
				INFOPLIST_FILE = "折叠UITests/Info.plist";
				LD_RUNPATH_SEARCH_PATHS = "$(inherited) @executable_path/Frameworks @loader_path/Frameworks";
				PRODUCT_BUNDLE_IDENTIFIER = "zr.--UITests";
				PRODUCT_NAME = "$(TARGET_NAME)";
				TEST_TARGET_NAME = "折叠";
			};
			name = Release;
		};
/* End XCBuildConfiguration section */

/* Begin XCConfigurationList section */
		3B5E35101DAF19EA00125E45 /* Build configuration list for PBXProject "折叠" */ = {
			isa = XCConfigurationList;
			buildConfigurations = (
				3B5E35401DAF19EA00125E45 /* Debug */,
				3B5E35411DAF19EA00125E45 /* Release */,
			);
			defaultConfigurationIsVisible = 0;
			defaultConfigurationName = Release;
		};
		3B5E35421DAF19EA00125E45 /* Build configuration list for PBXNativeTarget "折叠" */ = {
			isa = XCConfigurationList;
			buildConfigurations = (
				3B5E35431DAF19EA00125E45 /* Debug */,
				3B5E35441DAF19EA00125E45 /* Release */,
			);
			defaultConfigurationIsVisible = 0;
		};
		3B5E35451DAF19EA00125E45 /* Build configuration list for PBXNativeTarget "折叠Tests" */ = {
			isa = XCConfigurationList;
			buildConfigurations = (
				3B5E35461DAF19EA00125E45 /* Debug */,
				3B5E35471DAF19EA00125E45 /* Release */,
			);
			defaultConfigurationIsVisible = 0;
		};
		3B5E35481DAF19EA00125E45 /* Build configuration list for PBXNativeTarget "折叠UITests" */ = {
			isa = XCConfigurationList;
			buildConfigurations = (
				3B5E35491DAF19EA00125E45 /* Debug */,
				3B5E354A1DAF19EA00125E45 /* Release */,
			);
			defaultConfigurationIsVisible = 0;
		};
/* End XCConfigurationList section */
	};
	rootObject = 3B5E350D1DAF19EA00125E45 /* Project object */;
}
